
Microsoft Visual Studio Solution File, Format Version 12.00
# Visual Studio Version 17
VisualStudioVersion = 17.2.32630.192
MinimumVisualStudioVersion = 10.0.40219.1
Project("{9A19103F-16F7-4668-BE54-9A1E7A4F7556}") = "UC10-MonthlyWage", "UC10-MonthlyWage.csproj", "{1B2585C9-50C3-4583-9B51-702A576FEBF4}"
EndProject
Global
	GlobalSection(SolutionConfigurationPlatforms) = preSolution
		Debug|Any CPU = Debug|Any CPU
		Release|Any CPU = Release|Any CPU
	EndGlobalSection
	GlobalSection(ProjectConfigurationPlatforms) = postSolution
		{1B2585C9-50C3-4583-9B51-702A576FEBF4}.Debug|Any CPU.ActiveCfg = Debug|Any CPU
		{1B2585C9-50C3-4583-9B51-702A576FEBF4}.Debug|Any CPU.Build.0 = Debug|Any CPU
		{1B2585C9-50C3-4583-9B51-702A576FEBF4}.Release|Any CPU.ActiveCfg = Release|Any CPU
		{1B2585C9-50C3-4583-9B51-702A576FEBF4}.Release|Any CPU.Build.0 = Release|Any CPU
	EndGlobalSection
	GlobalSection(SolutionProperties) = preSolution
		HideSolutionNode = FALSE
	EndGlobalSection
	GlobalSection(ExtensibilityGlobals) = postSolution
		SolutionGuid = {650F71CD-7539-4DA4-A4D4-58978B0FE623}
	EndGlobalSection
EndGlobal
